
Microsoft Visual Studio Solution File, Format Version 12.00
# Visual Studio 15
VisualStudioVersion = 15.0.28307.572
MinimumVisualStudioVersion = 10.0.40219.1
Project("{FAE04EC0-301F-11D3-BF4B-00C04F79EFBC}") = "CurrencyRates", "CurrencyRates\CurrencyRates.csproj", "{BAFCC2AB-8D4A-4503-AAB5-AD148460FD85}"
EndProject
Project("{2150E333-8FDC-42A3-9474-1A3956D46DE8}") = "Solution Items", "Solution Items", "{9CF49AFB-AF9F-4B9E-8F10-59808DA68FDC}"
	ProjectSection(SolutionItems) = preProject
		README.md = README.md
	EndProjectSection
EndProject
Project("{2150E333-8FDC-42A3-9474-1A3956D46DE8}") = "puml", "puml", "{AA1012AF-EFB7-4E6D-A207-F79E42E1B2C5}"
	ProjectSection(SolutionItems) = preProject
		puml\Implementation.puml = puml\Implementation.puml
	EndProjectSection
EndProject
Project("{151D2E53-A2C4-4D7D-83FE-D05416EBD58E}") = "ArmTemplate", "ArmTemplate\ArmTemplate.deployproj", "{3BB03BF6-BF08-47AA-A106-5705189324D9}"
EndProject
Global
	GlobalSection(SolutionConfigurationPlatforms) = preSolution
		Debug|Any CPU = Debug|Any CPU
		Release|Any CPU = Release|Any CPU
	EndGlobalSection
	GlobalSection(ProjectConfigurationPlatforms) = postSolution
		{BAFCC2AB-8D4A-4503-AAB5-AD148460FD85}.Debug|Any CPU.ActiveCfg = Debug|Any CPU
		{BAFCC2AB-8D4A-4503-AAB5-AD148460FD85}.Debug|Any CPU.Build.0 = Debug|Any CPU
		{BAFCC2AB-8D4A-4503-AAB5-AD148460FD85}.Release|Any CPU.ActiveCfg = Release|Any CPU
		{BAFCC2AB-8D4A-4503-AAB5-AD148460FD85}.Release|Any CPU.Build.0 = Release|Any CPU
		{3BB03BF6-BF08-47AA-A106-5705189324D9}.Debug|Any CPU.ActiveCfg = Debug|Any CPU
		{3BB03BF6-BF08-47AA-A106-5705189324D9}.Debug|Any CPU.Build.0 = Debug|Any CPU
		{3BB03BF6-BF08-47AA-A106-5705189324D9}.Release|Any CPU.ActiveCfg = Release|Any CPU
		{3BB03BF6-BF08-47AA-A106-5705189324D9}.Release|Any CPU.Build.0 = Release|Any CPU
	EndGlobalSection
	GlobalSection(SolutionProperties) = preSolution
		HideSolutionNode = FALSE
	EndGlobalSection
	GlobalSection(NestedProjects) = preSolution
		{AA1012AF-EFB7-4E6D-A207-F79E42E1B2C5} = {9CF49AFB-AF9F-4B9E-8F10-59808DA68FDC}
	EndGlobalSection
	GlobalSection(ExtensibilityGlobals) = postSolution
		SolutionGuid = {61819557-BC5F-4B3F-903E-7DF25CE41F24}
	EndGlobalSection
EndGlobal
